{
  "version": 4,
  "terraform_version": "1.4.4",
  "serial": 282,
  "lineage": "2fb45cba-2e25-cc51-1dbf-24d2d798a2c7",
  "outputs": {
    "FortiGate-HA-Active-MGMT-IP": {
      "value": "34.123.73.58",
      "type": "string"
    },
    "FortiGate-HA-Cluster-IP": {
      "value": [
        "34.66.94.89"
      ],
      "type": [
        "list",
        "string"
      ]
    },
    "FortiGate-HA-Passive-MGMT-IP": {
      "value": "34.171.254.188",
      "type": "string"
    },
    "FortiGate-Password": {
      "value": "7294400552581479050",
      "type": "string"
    },
    "FortiGate-Username": {
      "value": "admin",
      "type": "string"
    }
  },
  "resources": [
    {
      "mode": "managed",
      "type": "google_compute_address",
      "name": "forward",
      "provider": "provider[\"registry.terraform.io/hashicorp/google\"]",
      "instances": [
        {
          "schema_version": 0,
          "attributes": {
            "address": "34.170.108.17",
            "address_type": "EXTERNAL",
            "creation_timestamp": "2023-07-05T07:54:40.887-07:00",
            "description": "",
            "id": "projects/emoran-01-dev/regions/us-central1/addresses/forwarding-ip-emu",
            "name": "forwarding-ip-emu",
            "network": "",
            "network_tier": "PREMIUM",
            "prefix_length": 0,
            "project": "emoran-01-dev",
            "purpose": "",
            "region": "us-central1",
            "self_link": "https://www.googleapis.com/compute/v1/projects/emoran-01-dev/regions/us-central1/addresses/forwarding-ip-emu",
            "subnetwork": "",
            "timeouts": null,
            "users": []
          },
          "sensitive_attributes": [],
          "private": "eyJlMmJmYjczMC1lY2FhLTExZTYtOGY4OC0zNDM2M2JjN2M0YzAiOnsiY3JlYXRlIjoxMjAwMDAwMDAwMDAwLCJkZWxldGUiOjEyMDAwMDAwMDAwMDB9fQ==",
          "dependencies": [
            "random_string.random_name_post"
          ]
        }
      ]
    },
    {
      "mode": "managed",
      "type": "google_compute_address",
      "name": "static",
      "provider": "provider[\"registry.terraform.io/hashicorp/google\"]",
      "instances": [
        {
          "schema_version": 0,
          "attributes": {
            "address": "34.66.94.89",
            "address_type": "EXTERNAL",
            "creation_timestamp": "2023-07-05T07:54:40.888-07:00",
            "description": "",
            "id": "projects/emoran-01-dev/regions/us-central1/addresses/cluster-ip1-emu",
            "name": "cluster-ip1-emu",
            "network": "",
            "network_tier": "PREMIUM",
            "prefix_length": 0,
            "project": "emoran-01-dev",
            "purpose": "",
            "region": "us-central1",
            "self_link": "https://www.googleapis.com/compute/v1/projects/emoran-01-dev/regions/us-central1/addresses/cluster-ip1-emu",
            "subnetwork": "",
            "timeouts": null,
            "users": []
          },
          "sensitive_attributes": [],
          "private": "eyJlMmJmYjczMC1lY2FhLTExZTYtOGY4OC0zNDM2M2JjN2M0YzAiOnsiY3JlYXRlIjoxMjAwMDAwMDAwMDAwLCJkZWxldGUiOjEyMDAwMDAwMDAwMDB9fQ==",
          "dependencies": [
            "random_string.random_name_post"
          ]
        }
      ]
    },
    {
      "mode": "managed",
      "type": "google_compute_address",
      "name": "static2",
      "provider": "provider[\"registry.terraform.io/hashicorp/google\"]",
      "instances": [
        {
          "schema_version": 0,
          "attributes": {
            "address": "34.123.73.58",
            "address_type": "EXTERNAL",
            "creation_timestamp": "2023-07-05T07:54:51.819-07:00",
            "description": "",
            "id": "projects/emoran-01-dev/regions/us-central1/addresses/activemgmt-ip-emu",
            "name": "activemgmt-ip-emu",
            "network": "",
            "network_tier": "PREMIUM",
            "prefix_length": 0,
            "project": "emoran-01-dev",
            "purpose": "",
            "region": "us-central1",
            "self_link": "https://www.googleapis.com/compute/v1/projects/emoran-01-dev/regions/us-central1/addresses/activemgmt-ip-emu",
            "subnetwork": "",
            "timeouts": null,
            "users": []
          },
          "sensitive_attributes": [],
          "private": "eyJlMmJmYjczMC1lY2FhLTExZTYtOGY4OC0zNDM2M2JjN2M0YzAiOnsiY3JlYXRlIjoxMjAwMDAwMDAwMDAwLCJkZWxldGUiOjEyMDAwMDAwMDAwMDB9fQ==",
          "dependencies": [
            "random_string.random_name_post"
          ]
        }
      ]
    },
    {
      "mode": "managed",
      "type": "google_compute_address",
      "name": "static3",
      "provider": "provider[\"registry.terraform.io/hashicorp/google\"]",
      "instances": [
        {
          "schema_version": 0,
          "attributes": {
            "address": "34.171.254.188",
            "address_type": "EXTERNAL",
            "creation_timestamp": "2023-07-05T07:54:40.890-07:00",
            "description": "",
            "id": "projects/emoran-01-dev/regions/us-central1/addresses/passivemgmt-ip-emu",
            "name": "passivemgmt-ip-emu",
            "network": "",
            "network_tier": "PREMIUM",
            "prefix_length": 0,
            "project": "emoran-01-dev",
            "purpose": "",
            "region": "us-central1",
            "self_link": "https://www.googleapis.com/compute/v1/projects/emoran-01-dev/regions/us-central1/addresses/passivemgmt-ip-emu",
            "subnetwork": "",
            "timeouts": null,
            "users": []
          },
          "sensitive_attributes": [],
          "private": "eyJlMmJmYjczMC1lY2FhLTExZTYtOGY4OC0zNDM2M2JjN2M0YzAiOnsiY3JlYXRlIjoxMjAwMDAwMDAwMDAwLCJkZWxldGUiOjEyMDAwMDAwMDAwMDB9fQ==",
          "dependencies": [
            "random_string.random_name_post"
          ]
        }
      ]
    },
    {
      "mode": "managed",
      "type": "google_compute_address",
      "name": "static8",
      "provider": "provider[\"registry.terraform.io/hashicorp/google\"]",
      "instances": [
        {
          "schema_version": 0,
          "attributes": {
            "address": "34.171.99.147",
            "address_type": "EXTERNAL",
            "creation_timestamp": "2023-07-05T07:54:40.890-07:00",
            "description": "",
            "id": "projects/emoran-01-dev/regions/us-central1/addresses/cluster-ip2-emu",
            "name": "cluster-ip2-emu",
            "network": "",
            "network_tier": "PREMIUM",
            "prefix_length": 0,
            "project": "emoran-01-dev",
            "purpose": "",
            "region": "us-central1",
            "self_link": "https://www.googleapis.com/compute/v1/projects/emoran-01-dev/regions/us-central1/addresses/cluster-ip2-emu",
            "subnetwork": "",
            "timeouts": null,
            "users": []
          },
          "sensitive_attributes": [],
          "private": "eyJlMmJmYjczMC1lY2FhLTExZTYtOGY4OC0zNDM2M2JjN2M0YzAiOnsiY3JlYXRlIjoxMjAwMDAwMDAwMDAwLCJkZWxldGUiOjEyMDAwMDAwMDAwMDB9fQ==",
          "dependencies": [
            "random_string.random_name_post"
          ]
        }
      ]
    },
    {
      "mode": "managed",
      "type": "google_compute_disk",
      "name": "logdisk",
      "provider": "provider[\"registry.terraform.io/hashicorp/google\"]",
      "instances": [
        {
          "schema_version": 0,
          "attributes": {
            "creation_timestamp": "2023-07-05T07:54:40.785-07:00",
            "description": "",
            "disk_encryption_key": [],
            "guest_os_features": [],
            "id": "projects/emoran-01-dev/zones/us-central1-c/disks/log-disk-emu",
            "image": "",
            "label_fingerprint": "42WmSpB8rSM=",
            "labels": null,
            "last_attach_timestamp": "",
            "last_detach_timestamp": "",
            "licenses": [],
            "name": "log-disk-emu",
            "physical_block_size_bytes": 4096,
            "project": "emoran-01-dev",
            "provisioned_iops": 0,
            "self_link": "https://www.googleapis.com/compute/v1/projects/emoran-01-dev/zones/us-central1-c/disks/log-disk-emu",
            "size": 30,
            "snapshot": "",
            "source_disk": "",
            "source_disk_id": "",
            "source_image_encryption_key": [],
            "source_image_id": "",
            "source_snapshot_encryption_key": [],
            "source_snapshot_id": "",
            "timeouts": null,
            "type": "pd-standard",
            "users": [],
            "zone": "us-central1-c"
          },
          "sensitive_attributes": [],
          "private": "eyJlMmJmYjczMC1lY2FhLTExZTYtOGY4OC0zNDM2M2JjN2M0YzAiOnsiY3JlYXRlIjoxMjAwMDAwMDAwMDAwLCJkZWxldGUiOjEyMDAwMDAwMDAwMDAsInVwZGF0ZSI6MTIwMDAwMDAwMDAwMH19",
          "dependencies": [
            "random_string.random_name_post"
          ]
        }
      ]
    },
    {
      "mode": "managed",
      "type": "google_compute_disk",
      "name": "logdisk2",
      "provider": "provider[\"registry.terraform.io/hashicorp/google\"]",
      "instances": [
        {
          "schema_version": 0,
          "attributes": {
            "creation_timestamp": "2023-07-05T07:54:40.781-07:00",
            "description": "",
            "disk_encryption_key": [],
            "guest_os_features": [],
            "id": "projects/emoran-01-dev/zones/us-central1-a/disks/log-disk2-emu",
            "image": "",
            "label_fingerprint": "42WmSpB8rSM=",
            "labels": null,
            "last_attach_timestamp": "",
            "last_detach_timestamp": "",
            "licenses": [],
            "name": "log-disk2-emu",
            "physical_block_size_bytes": 4096,
            "project": "emoran-01-dev",
            "provisioned_iops": 0,
            "self_link": "https://www.googleapis.com/compute/v1/projects/emoran-01-dev/zones/us-central1-a/disks/log-disk2-emu",
            "size": 30,
            "snapshot": "",
            "source_disk": "",
            "source_disk_id": "",
            "source_image_encryption_key": [],
            "source_image_id": "",
            "source_snapshot_encryption_key": [],
            "source_snapshot_id": "",
            "timeouts": null,
            "type": "pd-standard",
            "users": [],
            "zone": "us-central1-a"
          },
          "sensitive_attributes": [],
          "private": "eyJlMmJmYjczMC1lY2FhLTExZTYtOGY4OC0zNDM2M2JjN2M0YzAiOnsiY3JlYXRlIjoxMjAwMDAwMDAwMDAwLCJkZWxldGUiOjEyMDAwMDAwMDAwMDAsInVwZGF0ZSI6MTIwMDAwMDAwMDAwMH19",
          "dependencies": [
            "random_string.random_name_post"
          ]
        }
      ]
    },
    {
      "mode": "managed",
      "type": "google_compute_firewall",
      "name": "allow-fgt",
      "provider": "provider[\"registry.terraform.io/hashicorp/google\"]",
      "instances": [
        {
          "schema_version": 1,
          "attributes": {
            "allow": [
              {
                "ports": [
                  "22",
                  "80",
                  "443"
                ],
                "protocol": "tcp"
              },
              {
                "ports": [],
                "protocol": "icmp"
              }
            ],
            "creation_timestamp": "2023-07-05T07:55:03.514-07:00",
            "deny": [],
            "description": "",
            "destination_ranges": [],
            "direction": "INGRESS",
            "disabled": false,
            "enable_logging": null,
            "id": "projects/emoran-01-dev/global/firewalls/allow-public-1-emu",
            "log_config": [],
            "name": "allow-public-1-emu",
            "network": "https://www.googleapis.com/compute/v1/projects/emoran-01-dev/global/networks/public-1-vpc-emu",
            "priority": 1000,
            "project": "emoran-01-dev",
            "self_link": "https://www.googleapis.com/compute/v1/projects/emoran-01-dev/global/firewalls/allow-public-1-emu",
            "source_ranges": [
              "0.0.0.0/0"
            ],
            "source_service_accounts": null,
            "source_tags": null,
            "target_service_accounts": null,
            "target_tags": [
              "allow-fgt"
            ],
            "timeouts": null
          },
          "sensitive_attributes": [],
          "private": "eyJlMmJmYjczMC1lY2FhLTExZTYtOGY4OC0zNDM2M2JjN2M0YzAiOnsiY3JlYXRlIjoxMjAwMDAwMDAwMDAwLCJkZWxldGUiOjEyMDAwMDAwMDAwMDAsInVwZGF0ZSI6MTIwMDAwMDAwMDAwMH0sInNjaGVtYV92ZXJzaW9uIjoiMSJ9",
          "dependencies": [
            "google_compute_network.vpc_network",
            "random_string.random_name_post"
          ]
        }
      ]
    },
    {
      "mode": "managed",
      "type": "google_compute_firewall",
      "name": "allow-internal",
      "provider": "provider[\"registry.terraform.io/hashicorp/google\"]",
      "instances": [
        {
          "schema_version": 1,
          "attributes": {
            "allow": [
              {
                "ports": [],
                "protocol": "all"
              }
            ],
            "creation_timestamp": "2023-07-05T07:54:52.001-07:00",
            "deny": [],
            "description": "",
            "destination_ranges": [],
            "direction": "INGRESS",
            "disabled": false,
            "enable_logging": null,
            "id": "projects/emoran-01-dev/global/firewalls/allow-internal-emu",
            "log_config": [],
            "name": "allow-internal-emu",
            "network": "https://www.googleapis.com/compute/v1/projects/emoran-01-dev/global/networks/private-vpc-emu",
            "priority": 1000,
            "project": "emoran-01-dev",
            "self_link": "https://www.googleapis.com/compute/v1/projects/emoran-01-dev/global/firewalls/allow-internal-emu",
            "source_ranges": [
              "0.0.0.0/0"
            ],
            "source_service_accounts": null,
            "source_tags": null,
            "target_service_accounts": null,
            "target_tags": [
              "allow-internal"
            ],
            "timeouts": null
          },
          "sensitive_attributes": [],
          "private": "eyJlMmJmYjczMC1lY2FhLTExZTYtOGY4OC0zNDM2M2JjN2M0YzAiOnsiY3JlYXRlIjoxMjAwMDAwMDAwMDAwLCJkZWxldGUiOjEyMDAwMDAwMDAwMDAsInVwZGF0ZSI6MTIwMDAwMDAwMDAwMH0sInNjaGVtYV92ZXJzaW9uIjoiMSJ9",
          "dependencies": [
            "google_compute_network.vpc_network2",
            "random_string.random_name_post"
          ]
        }
      ]
    },
    {
      "mode": "managed",
      "type": "google_compute_firewall",
      "name": "allow-sync",
      "provider": "provider[\"registry.terraform.io/hashicorp/google\"]",
      "instances": [
        {
          "schema_version": 1,
          "attributes": {
            "allow": [
              {
                "ports": [],
                "protocol": "all"
              }
            ],
            "creation_timestamp": "2023-07-05T07:55:02.445-07:00",
            "deny": [],
            "description": "",
            "destination_ranges": [],
            "direction": "INGRESS",
            "disabled": false,
            "enable_logging": null,
            "id": "projects/emoran-01-dev/global/firewalls/allow-syncmgmt-emu",
            "log_config": [],
            "name": "allow-syncmgmt-emu",
            "network": "https://www.googleapis.com/compute/v1/projects/emoran-01-dev/global/networks/syncmgmt-vpc-emu",
            "priority": 1000,
            "project": "emoran-01-dev",
            "self_link": "https://www.googleapis.com/compute/v1/projects/emoran-01-dev/global/firewalls/allow-syncmgmt-emu",
            "source_ranges": [
              "0.0.0.0/0"
            ],
            "source_service_accounts": null,
            "source_tags": null,
            "target_service_accounts": null,
            "target_tags": [
              "allow-sync"
            ],
            "timeouts": null
          },
          "sensitive_attributes": [],
          "private": "eyJlMmJmYjczMC1lY2FhLTExZTYtOGY4OC0zNDM2M2JjN2M0YzAiOnsiY3JlYXRlIjoxMjAwMDAwMDAwMDAwLCJkZWxldGUiOjEyMDAwMDAwMDAwMDAsInVwZGF0ZSI6MTIwMDAwMDAwMDAwMH0sInNjaGVtYV92ZXJzaW9uIjoiMSJ9",
          "dependencies": [
            "google_compute_network.vpc_network3",
            "random_string.random_name_post"
          ]
        }
      ]
    },
    {
      "mode": "managed",
      "type": "google_compute_forwarding_rule",
      "name": "default",
      "provider": "provider[\"registry.terraform.io/hashicorp/google\"]",
      "instances": [
        {
          "schema_version": 0,
          "attributes": {
            "all_ports": false,
            "allow_global_access": false,
            "allow_psc_global_access": false,
            "backend_service": "",
            "base_forwarding_rule": "",
            "creation_timestamp": "2023-07-05T07:55:56.568-07:00",
            "description": "",
            "id": "projects/emoran-01-dev/regions/us-central1/forwardingRules/fgt-forwarding-rule",
            "ip_address": "34.170.108.17",
            "ip_protocol": "TCP",
            "is_mirroring_collector": false,
            "label_fingerprint": "42WmSpB8rSM=",
            "labels": null,
            "load_balancing_scheme": "EXTERNAL",
            "name": "fgt-forwarding-rule",
            "network": "",
            "network_tier": "PREMIUM",
            "port_range": "443-443",
            "ports": null,
            "project": "emoran-01-dev",
            "psc_connection_id": "",
            "psc_connection_status": "",
            "region": "us-central1",
            "self_link": "https://www.googleapis.com/compute/v1/projects/emoran-01-dev/regions/us-central1/forwardingRules/fgt-forwarding-rule",
            "service_directory_registrations": [],
            "service_label": "",
            "service_name": "",
            "source_ip_ranges": null,
            "subnetwork": "",
            "target": "https://www.googleapis.com/compute/v1/projects/emoran-01-dev/zones/us-central1-c/targetInstances/fgt-target-emu",
            "timeouts": null
          },
          "sensitive_attributes": [],
          "private": "eyJlMmJmYjczMC1lY2FhLTExZTYtOGY4OC0zNDM2M2JjN2M0YzAiOnsiY3JlYXRlIjoxMjAwMDAwMDAwMDAwLCJkZWxldGUiOjEyMDAwMDAwMDAwMDAsInVwZGF0ZSI6MTIwMDAwMDAwMDAwMH19",
          "dependencies": [
            "google_compute_address.forward",
            "google_compute_address.static",
            "google_compute_address.static2",
            "google_compute_address.static8",
            "google_compute_disk.logdisk",
            "google_compute_image.fgtvmgvnic",
            "google_compute_instance.default",
            "google_compute_network.vpc_network",
            "google_compute_network.vpc_network2",
            "google_compute_network.vpc_network3",
            "google_compute_network.vpc_network4",
            "google_compute_subnetwork.ha_subnet",
            "google_compute_subnetwork.private_subnet",
            "google_compute_subnetwork.public2_subnet",
            "google_compute_subnetwork.public_subnet",
            "google_compute_target_instance.fgt-target",
            "random_string.random_name_post"
          ]
        }
      ]
    },
    {
      "mode": "managed",
      "type": "google_compute_image",
      "name": "fgtvmgvnic",
      "provider": "provider[\"registry.terraform.io/hashicorp/google\"]",
      "instances": [
        {
          "index_key": 0,
          "schema_version": 0,
          "attributes": {
            "archive_size_bytes": 102610304,
            "creation_timestamp": "2023-07-05T07:54:41.185-07:00",
            "description": "",
            "disk_size_gb": 10,
            "family": "",
            "guest_os_features": [
              {
                "type": "GVNIC"
              }
            ],
            "id": "projects/emoran-01-dev/global/images/fgtvmgvnic-image",
            "image_encryption_key": [],
            "label_fingerprint": "42WmSpB8rSM=",
            "labels": null,
            "licenses": [
              "https://www.googleapis.com/compute/v1/projects/fortigcp-project-001/global/licenses/fortigate-payg"
            ],
            "name": "fgtvmgvnic-image",
            "project": "emoran-01-dev",
            "raw_disk": [],
            "self_link": "https://www.googleapis.com/compute/v1/projects/emoran-01-dev/global/images/fgtvmgvnic-image",
            "source_disk": "",
            "source_image": "https://www.googleapis.com/compute/v1/projects/fortigcp-project-001/global/images/fortinet-fgtondemand-740-20230512-001-w-license",
            "source_snapshot": "",
            "storage_locations": [
              "us"
            ],
            "timeouts": null
          },
          "sensitive_attributes": [],
          "private": "eyJlMmJmYjczMC1lY2FhLTExZTYtOGY4OC0zNDM2M2JjN2M0YzAiOnsiY3JlYXRlIjoxMjAwMDAwMDAwMDAwLCJkZWxldGUiOjEyMDAwMDAwMDAwMDAsInVwZGF0ZSI6MTIwMDAwMDAwMDAwMH19"
        }
      ]
    },
    {
      "mode": "managed",
      "type": "google_compute_instance",
      "name": "default",
      "provider": "provider[\"registry.terraform.io/hashicorp/google\"]",
      "instances": [
        {
          "schema_version": 6,
          "attributes": {
            "advanced_machine_features": [],
            "allow_stopping_for_update": null,
            "attached_disk": [
              {
                "device_name": "persistent-disk-1",
                "disk_encryption_key_raw": "",
                "disk_encryption_key_sha256": "",
                "kms_key_self_link": "",
                "mode": "READ_WRITE",
                "source": "https://www.googleapis.com/compute/v1/projects/emoran-01-dev/zones/us-central1-c/disks/log-disk-emu"
              }
            ],
            "boot_disk": [
              {
                "auto_delete": true,
                "device_name": "persistent-disk-0",
                "disk_encryption_key_raw": "",
                "disk_encryption_key_sha256": "",
                "initialize_params": [
                  {
                    "image": "https://www.googleapis.com/compute/v1/projects/emoran-01-dev/global/images/fgtvmgvnic-image",
                    "labels": {},
                    "resource_manager_tags": null,
                    "size": 10,
                    "type": "pd-standard"
                  }
                ],
                "kms_key_self_link": "",
                "mode": "READ_WRITE",
                "source": "https://www.googleapis.com/compute/v1/projects/emoran-01-dev/zones/us-central1-c/disks/fotigate-01-emu"
              }
            ],
            "can_ip_forward": true,
            "confidential_instance_config": [],
            "cpu_platform": "Intel Haswell",
            "current_status": "RUNNING",
            "deletion_protection": false,
            "description": "",
            "desired_status": null,
            "enable_display": false,
            "guest_accelerator": [],
            "hostname": "",
            "id": "projects/emoran-01-dev/zones/us-central1-c/instances/fotigate-01-emu",
            "instance_id": "7294400552581479050",
            "label_fingerprint": "42WmSpB8rSM=",
            "labels": null,
            "machine_type": "n1-standard-4",
            "metadata": {
              "user-data": "config sys glo\nset hostname active\nend\nconfig system interface\n    edit port1\n        set mode static\n        set ip 172.16.0.2/32\n        set allowaccess ping https ssh http fgfm\n        set description \"Public 1\"\n        set alias \"1-Public\"\n    next\n    \n    edit port2\n        set mode static\n        set ip 172.16.3.2/24\n        set allowaccess ping https ssh http fgfm\n        set alias \"2-Public\"\n        set description \"Public 2\"\n    next\n\n    edit port3\n        set mode static\n        set ip 172.16.1.2/32\n        set allowaccess ping https ssh http fgfm\n        set description \"Private\"\n        set alias \"3-Private\"\n    next\n    edit port4\n        set mode static\n        set ip 172.16.2.2/32\n        set allowaccess ping https ssh http fgfm\n        set description \"SyncMgmt\"\n        set alias \"4-SyncMgmt\"\n    next\nend\nconfig system ha\n    set group-name \"group1\"\n    set mode a-p\n    set hbdev \"port4\" 50\n    set session-pickup enable\n    set ha-mgmt-status enable\n    config ha-mgmt-interfaces\n        edit 1\n            set interface \"port4\"\n            set gateway 172.16.2.1\n        next\n    end\n    set override enable\n    set priority 255\n    set unicast-hb enable\n    set unicast-hb-peerip 172.16.2.3\n    set unicast-hb-netmask 255.255.255.0\nend\nconfig router static\n    edit 1\n       set device port1\n       set gateway 172.16.0.1\n    next\n    edit 2\n       set device port1\n       set dst 172.16.0.0/24\n       set gateway 172.16.0.1\n    next\n    edit 3\n       set device port1\n       set dst 172.16.0.1 255.255.255.255\n    next\n    edit 4\n       set device port3\n       set dst 172.16.1.0/24\n       set gateway 172.16.1.1\n    next\n    edit 5\n       set device port3\n       set dst 172.16.1.1 255.255.255.255\n    next\nend\nconfig system sdn-connector\n    edit \"gcp\"\n        set type gcp\n        set ha-status enable\n        config external-ip\n            edit cluster-ip1-emu\n            next\n        config external-ip\n            edit cluster-ip2-emu\n            next\n        end\n        config route\n            edit internal-route-emu\n            next\n        end\n        config forwarding-rule     \n            edit fgt-forwarding-rule\n                set target fgt-target-emu\n            next \n        end  \n    next\nend\nconfig system vdom-exception\n    edit 1\n        set object system.interface\n    next\nend\n"
            },
            "metadata_fingerprint": "f3SFvoT--qE=",
            "metadata_startup_script": null,
            "min_cpu_platform": "",
            "name": "fotigate-01-emu",
            "network_interface": [
              {
                "access_config": [
                  {
                    "nat_ip": "34.66.94.89",
                    "network_tier": "PREMIUM",
                    "public_ptr_domain_name": ""
                  }
                ],
                "alias_ip_range": [],
                "ipv6_access_config": [],
                "ipv6_access_type": "",
                "name": "nic0",
                "network": "https://www.googleapis.com/compute/v1/projects/emoran-01-dev/global/networks/public-1-vpc-emu",
                "network_ip": "172.16.0.2",
                "nic_type": "GVNIC",
                "queue_count": 0,
                "stack_type": "IPV4_ONLY",
                "subnetwork": "https://www.googleapis.com/compute/v1/projects/emoran-01-dev/regions/us-central1/subnetworks/public-subnet-1-emu",
                "subnetwork_project": "emoran-01-dev"
              },
              {
                "access_config": [
                  {
                    "nat_ip": "34.171.99.147",
                    "network_tier": "PREMIUM",
                    "public_ptr_domain_name": ""
                  }
                ],
                "alias_ip_range": [],
                "ipv6_access_config": [],
                "ipv6_access_type": "",
                "name": "nic1",
                "network": "https://www.googleapis.com/compute/v1/projects/emoran-01-dev/global/networks/public-2-vpc-emu",
                "network_ip": "172.16.3.2",
                "nic_type": "GVNIC",
                "queue_count": 0,
                "stack_type": "IPV4_ONLY",
                "subnetwork": "https://www.googleapis.com/compute/v1/projects/emoran-01-dev/regions/us-central1/subnetworks/public-subnet-2-emu",
                "subnetwork_project": "emoran-01-dev"
              },
              {
                "access_config": [],
                "alias_ip_range": [],
                "ipv6_access_config": [],
                "ipv6_access_type": "",
                "name": "nic2",
                "network": "https://www.googleapis.com/compute/v1/projects/emoran-01-dev/global/networks/private-vpc-emu",
                "network_ip": "172.16.1.2",
                "nic_type": "GVNIC",
                "queue_count": 0,
                "stack_type": "IPV4_ONLY",
                "subnetwork": "https://www.googleapis.com/compute/v1/projects/emoran-01-dev/regions/us-central1/subnetworks/private-subnet-emu",
                "subnetwork_project": "emoran-01-dev"
              },
              {
                "access_config": [
                  {
                    "nat_ip": "34.123.73.58",
                    "network_tier": "PREMIUM",
                    "public_ptr_domain_name": ""
                  }
                ],
                "alias_ip_range": [],
                "ipv6_access_config": [],
                "ipv6_access_type": "",
                "name": "nic3",
                "network": "https://www.googleapis.com/compute/v1/projects/emoran-01-dev/global/networks/syncmgmt-vpc-emu",
                "network_ip": "172.16.2.2",
                "nic_type": "GVNIC",
                "queue_count": 0,
                "stack_type": "IPV4_ONLY",
                "subnetwork": "https://www.googleapis.com/compute/v1/projects/emoran-01-dev/regions/us-central1/subnetworks/syncmgmt-subnet-emu",
                "subnetwork_project": "emoran-01-dev"
              }
            ],
            "network_performance_config": [],
            "params": [],
            "project": "emoran-01-dev",
            "reservation_affinity": [],
            "resource_policies": null,
            "scheduling": [
              {
                "automatic_restart": false,
                "instance_termination_action": "",
                "min_node_cpus": 0,
                "node_affinities": [],
                "on_host_maintenance": "MIGRATE",
                "preemptible": false,
                "provisioning_model": "STANDARD"
              }
            ],
            "scratch_disk": [],
            "self_link": "https://www.googleapis.com/compute/v1/projects/emoran-01-dev/zones/us-central1-c/instances/fotigate-01-emu",
            "service_account": [
              {
                "email": "705923033344-compute@developer.gserviceaccount.com",
                "scopes": [
                  "https://www.googleapis.com/auth/cloud-platform",
                  "https://www.googleapis.com/auth/compute",
                  "https://www.googleapis.com/auth/devstorage.read_only",
                  "https://www.googleapis.com/auth/userinfo.email"
                ]
              }
            ],
            "shielded_instance_config": [
              {
                "enable_integrity_monitoring": true,
                "enable_secure_boot": false,
                "enable_vtpm": true
              }
            ],
            "tags": [
              "allow-fgt",
              "allow-internal",
              "allow-mgmt",
              "allow-sync"
            ],
            "tags_fingerprint": "nK6CUFbBH6g=",
            "timeouts": null,
            "zone": "us-central1-c"
          },
          "sensitive_attributes": [],
          "private": "eyJlMmJmYjczMC1lY2FhLTExZTYtOGY4OC0zNDM2M2JjN2M0YzAiOnsiY3JlYXRlIjoxMjAwMDAwMDAwMDAwLCJkZWxldGUiOjEyMDAwMDAwMDAwMDAsInVwZGF0ZSI6MTIwMDAwMDAwMDAwMH0sInNjaGVtYV92ZXJzaW9uIjoiNiJ9",
          "dependencies": [
            "google_compute_address.static",
            "google_compute_address.static2",
            "google_compute_address.static8",
            "google_compute_disk.logdisk",
            "google_compute_image.fgtvmgvnic",
            "google_compute_network.vpc_network",
            "google_compute_network.vpc_network2",
            "google_compute_network.vpc_network3",
            "google_compute_network.vpc_network4",
            "google_compute_subnetwork.ha_subnet",
            "google_compute_subnetwork.private_subnet",
            "google_compute_subnetwork.public2_subnet",
            "google_compute_subnetwork.public_subnet",
            "random_string.random_name_post"
          ]
        }
      ]
    },
    {
      "mode": "managed",
      "type": "google_compute_instance",
      "name": "default2",
      "provider": "provider[\"registry.terraform.io/hashicorp/google\"]",
      "instances": [
        {
          "schema_version": 6,
          "attributes": {
            "advanced_machine_features": [],
            "allow_stopping_for_update": null,
            "attached_disk": [
              {
                "device_name": "persistent-disk-1",
                "disk_encryption_key_raw": "",
                "disk_encryption_key_sha256": "",
                "kms_key_self_link": "",
                "mode": "READ_WRITE",
                "source": "https://www.googleapis.com/compute/v1/projects/emoran-01-dev/zones/us-central1-a/disks/log-disk2-emu"
              }
            ],
            "boot_disk": [
              {
                "auto_delete": true,
                "device_name": "persistent-disk-0",
                "disk_encryption_key_raw": "",
                "disk_encryption_key_sha256": "",
                "initialize_params": [
                  {
                    "image": "https://www.googleapis.com/compute/v1/projects/emoran-01-dev/global/images/fgtvmgvnic-image",
                    "labels": {},
                    "resource_manager_tags": null,
                    "size": 10,
                    "type": "pd-standard"
                  }
                ],
                "kms_key_self_link": "",
                "mode": "READ_WRITE",
                "source": "https://www.googleapis.com/compute/v1/projects/emoran-01-dev/zones/us-central1-a/disks/fotigate-02-emu"
              }
            ],
            "can_ip_forward": true,
            "confidential_instance_config": [],
            "cpu_platform": "Intel Haswell",
            "current_status": "RUNNING",
            "deletion_protection": false,
            "description": "",
            "desired_status": null,
            "enable_display": false,
            "guest_accelerator": [],
            "hostname": "",
            "id": "projects/emoran-01-dev/zones/us-central1-a/instances/fotigate-02-emu",
            "instance_id": "8582864752534370954",
            "label_fingerprint": "42WmSpB8rSM=",
            "labels": null,
            "machine_type": "n1-standard-4",
            "metadata": {
              "user-data": "config sys glo\nset hostname passive\nend\nconfig system interface\n    edit port1\n        set mode static\n        set ip 172.16.0.3/32\n        set allowaccess ping https ssh http fgfm\n        set description \"Public 1\"\n        set alias \"1-Public\"\n    next\n\n    edit port2\n        set mode static\n        set ip 172.16.3.3/24\n        set allowaccess ping https ssh http fgfm\n        set description \"Public 2\"\n        set alias \"2-PUBLIC\"\n    next\n    \n    edit port3\n        set mode static\n        set ip 172.16.1.3/32\n        set allowaccess ping https ssh http fgfm\n        set description \"Private\"\n        set alias \"3-PRIVATE\"\n    next\n    edit port4\n        set mode static\n        set ip 172.16.2.3/32\n        set allowaccess ping https ssh http fgfm\n        set description \"SyncMgmt\"\n        set alias \"4-SYNCMGMT\"\n    next\n    \nend\nconfig system ha\n    set group-name \"group1\"\n    set mode a-p\n    set hbdev \"port4\" 50\n    set session-pickup enable\n    set ha-mgmt-status enable\n    config ha-mgmt-interfaces\n        edit 1\n            set interface \"port4\"\n            set gateway 172.16.2.1\n        next\n    end\n    set override enable\n    set priority 100\n    set unicast-hb enable\n    set unicast-hb-peerip 172.16.2.2\n    set unicast-hb-netmask 255.255.255.0\nend\nconfig router static\n    edit 1\n       set device port1\n       set gateway 172.16.0.1\n    next\n    edit 2\n       set device port1\n       set dst 172.16.0.0/24\n       set gateway 172.16.0.1\n    next\n    edit 3\n       set device port1\n       set dst 172.16.0.1 255.255.255.255\n    next\n    edit 4\n       set device port3\n       set dst 172.16.1.0/24\n       set gateway 172.16.1.1\n    next\n    edit 5\n       set device port3\n       set dst 172.16.1.1 255.255.255.255\n    next\nend\nconfig system sdn-connector\n    edit \"gcp\"\n        set type gcp\n        set ha-status enable\n        config external-ip\n            edit cluster-ip1-emu\n            next\n        end\n    config external-ip\n        edit cluster-ip2-emu\n        next\n    end\n        config route\n            edit internal-route-emu\n            next\n        end\n        config forwarding-rule\n            edit fgt-forwarding-rule\n                set target fgt-target2-emu \n            next\n        end\n    next\nend\nconfig system vdom-exception\n    edit 1\n        set object system.interface\n    next\nend\n"
            },
            "metadata_fingerprint": "din4tl5Fzs0=",
            "metadata_startup_script": null,
            "min_cpu_platform": "",
            "name": "fotigate-02-emu",
            "network_interface": [
              {
                "access_config": [],
                "alias_ip_range": [],
                "ipv6_access_config": [],
                "ipv6_access_type": "",
                "name": "nic0",
                "network": "https://www.googleapis.com/compute/v1/projects/emoran-01-dev/global/networks/public-1-vpc-emu",
                "network_ip": "172.16.0.3",
                "nic_type": "GVNIC",
                "queue_count": 0,
                "stack_type": "IPV4_ONLY",
                "subnetwork": "https://www.googleapis.com/compute/v1/projects/emoran-01-dev/regions/us-central1/subnetworks/public-subnet-1-emu",
                "subnetwork_project": "emoran-01-dev"
              },
              {
                "access_config": [],
                "alias_ip_range": [],
                "ipv6_access_config": [],
                "ipv6_access_type": "",
                "name": "nic1",
                "network": "https://www.googleapis.com/compute/v1/projects/emoran-01-dev/global/networks/public-2-vpc-emu",
                "network_ip": "172.16.3.3",
                "nic_type": "GVNIC",
                "queue_count": 0,
                "stack_type": "IPV4_ONLY",
                "subnetwork": "https://www.googleapis.com/compute/v1/projects/emoran-01-dev/regions/us-central1/subnetworks/public-subnet-2-emu",
                "subnetwork_project": "emoran-01-dev"
              },
              {
                "access_config": [],
                "alias_ip_range": [],
                "ipv6_access_config": [],
                "ipv6_access_type": "",
                "name": "nic2",
                "network": "https://www.googleapis.com/compute/v1/projects/emoran-01-dev/global/networks/private-vpc-emu",
                "network_ip": "172.16.1.3",
                "nic_type": "GVNIC",
                "queue_count": 0,
                "stack_type": "IPV4_ONLY",
                "subnetwork": "https://www.googleapis.com/compute/v1/projects/emoran-01-dev/regions/us-central1/subnetworks/private-subnet-emu",
                "subnetwork_project": "emoran-01-dev"
              },
              {
                "access_config": [
                  {
                    "nat_ip": "34.171.254.188",
                    "network_tier": "PREMIUM",
                    "public_ptr_domain_name": ""
                  }
                ],
                "alias_ip_range": [],
                "ipv6_access_config": [],
                "ipv6_access_type": "",
                "name": "nic3",
                "network": "https://www.googleapis.com/compute/v1/projects/emoran-01-dev/global/networks/syncmgmt-vpc-emu",
                "network_ip": "172.16.2.3",
                "nic_type": "GVNIC",
                "queue_count": 0,
                "stack_type": "IPV4_ONLY",
                "subnetwork": "https://www.googleapis.com/compute/v1/projects/emoran-01-dev/regions/us-central1/subnetworks/syncmgmt-subnet-emu",
                "subnetwork_project": "emoran-01-dev"
              }
            ],
            "network_performance_config": [],
            "params": [],
            "project": "emoran-01-dev",
            "reservation_affinity": [],
            "resource_policies": null,
            "scheduling": [
              {
                "automatic_restart": false,
                "instance_termination_action": "",
                "min_node_cpus": 0,
                "node_affinities": [],
                "on_host_maintenance": "MIGRATE",
                "preemptible": false,
                "provisioning_model": "STANDARD"
              }
            ],
            "scratch_disk": [],
            "self_link": "https://www.googleapis.com/compute/v1/projects/emoran-01-dev/zones/us-central1-a/instances/fotigate-02-emu",
            "service_account": [
              {
                "email": "705923033344-compute@developer.gserviceaccount.com",
                "scopes": [
                  "https://www.googleapis.com/auth/cloud-platform",
                  "https://www.googleapis.com/auth/compute",
                  "https://www.googleapis.com/auth/devstorage.read_only",
                  "https://www.googleapis.com/auth/userinfo.email"
                ]
              }
            ],
            "shielded_instance_config": [
              {
                "enable_integrity_monitoring": true,
                "enable_secure_boot": false,
                "enable_vtpm": true
              }
            ],
            "tags": [
              "allow-fgt",
              "allow-internal",
              "allow-mgmt",
              "allow-sync"
            ],
            "tags_fingerprint": "nK6CUFbBH6g=",
            "timeouts": null,
            "zone": "us-central1-a"
          },
          "sensitive_attributes": [],
          "private": "eyJlMmJmYjczMC1lY2FhLTExZTYtOGY4OC0zNDM2M2JjN2M0YzAiOnsiY3JlYXRlIjoxMjAwMDAwMDAwMDAwLCJkZWxldGUiOjEyMDAwMDAwMDAwMDAsInVwZGF0ZSI6MTIwMDAwMDAwMDAwMH0sInNjaGVtYV92ZXJzaW9uIjoiNiJ9",
          "dependencies": [
            "google_compute_address.static3",
            "google_compute_disk.logdisk2",
            "google_compute_image.fgtvmgvnic",
            "google_compute_network.vpc_network",
            "google_compute_network.vpc_network2",
            "google_compute_network.vpc_network3",
            "google_compute_network.vpc_network4",
            "google_compute_subnetwork.ha_subnet",
            "google_compute_subnetwork.private_subnet",
            "google_compute_subnetwork.public2_subnet",
            "google_compute_subnetwork.public_subnet",
            "random_string.random_name_post"
          ]
        }
      ]
    },
    {
      "mode": "managed",
      "type": "google_compute_network",
      "name": "vpc_network",
      "provider": "provider[\"registry.terraform.io/hashicorp/google\"]",
      "instances": [
        {
          "schema_version": 0,
          "attributes": {
            "auto_create_subnetworks": false,
            "delete_default_routes_on_create": false,
            "description": "",
            "enable_ula_internal_ipv6": false,
            "gateway_ipv4": "",
            "id": "projects/emoran-01-dev/global/networks/public-1-vpc-emu",
            "internal_ipv6_range": "",
            "mtu": 0,
            "name": "public-1-vpc-emu",
            "network_firewall_policy_enforcement_order": "AFTER_CLASSIC_FIREWALL",
            "project": "emoran-01-dev",
            "routing_mode": "REGIONAL",
            "self_link": "https://www.googleapis.com/compute/v1/projects/emoran-01-dev/global/networks/public-1-vpc-emu",
            "timeouts": null
          },
          "sensitive_attributes": [],
          "private": "eyJlMmJmYjczMC1lY2FhLTExZTYtOGY4OC0zNDM2M2JjN2M0YzAiOnsiY3JlYXRlIjoxMjAwMDAwMDAwMDAwLCJkZWxldGUiOjEyMDAwMDAwMDAwMDAsInVwZGF0ZSI6MTIwMDAwMDAwMDAwMH19",
          "dependencies": [
            "random_string.random_name_post"
          ]
        }
      ]
    },
    {
      "mode": "managed",
      "type": "google_compute_network",
      "name": "vpc_network2",
      "provider": "provider[\"registry.terraform.io/hashicorp/google\"]",
      "instances": [
        {
          "schema_version": 0,
          "attributes": {
            "auto_create_subnetworks": false,
            "delete_default_routes_on_create": false,
            "description": "",
            "enable_ula_internal_ipv6": false,
            "gateway_ipv4": "",
            "id": "projects/emoran-01-dev/global/networks/private-vpc-emu",
            "internal_ipv6_range": "",
            "mtu": 0,
            "name": "private-vpc-emu",
            "network_firewall_policy_enforcement_order": "AFTER_CLASSIC_FIREWALL",
            "project": "emoran-01-dev",
            "routing_mode": "REGIONAL",
            "self_link": "https://www.googleapis.com/compute/v1/projects/emoran-01-dev/global/networks/private-vpc-emu",
            "timeouts": null
          },
          "sensitive_attributes": [],
          "private": "eyJlMmJmYjczMC1lY2FhLTExZTYtOGY4OC0zNDM2M2JjN2M0YzAiOnsiY3JlYXRlIjoxMjAwMDAwMDAwMDAwLCJkZWxldGUiOjEyMDAwMDAwMDAwMDAsInVwZGF0ZSI6MTIwMDAwMDAwMDAwMH19",
          "dependencies": [
            "random_string.random_name_post"
          ]
        }
      ]
    },
    {
      "mode": "managed",
      "type": "google_compute_network",
      "name": "vpc_network3",
      "provider": "provider[\"registry.terraform.io/hashicorp/google\"]",
      "instances": [
        {
          "schema_version": 0,
          "attributes": {
            "auto_create_subnetworks": false,
            "delete_default_routes_on_create": false,
            "description": "",
            "enable_ula_internal_ipv6": false,
            "gateway_ipv4": "",
            "id": "projects/emoran-01-dev/global/networks/syncmgmt-vpc-emu",
            "internal_ipv6_range": "",
            "mtu": 0,
            "name": "syncmgmt-vpc-emu",
            "network_firewall_policy_enforcement_order": "AFTER_CLASSIC_FIREWALL",
            "project": "emoran-01-dev",
            "routing_mode": "REGIONAL",
            "self_link": "https://www.googleapis.com/compute/v1/projects/emoran-01-dev/global/networks/syncmgmt-vpc-emu",
            "timeouts": null
          },
          "sensitive_attributes": [],
          "private": "eyJlMmJmYjczMC1lY2FhLTExZTYtOGY4OC0zNDM2M2JjN2M0YzAiOnsiY3JlYXRlIjoxMjAwMDAwMDAwMDAwLCJkZWxldGUiOjEyMDAwMDAwMDAwMDAsInVwZGF0ZSI6MTIwMDAwMDAwMDAwMH19",
          "dependencies": [
            "random_string.random_name_post"
          ]
        }
      ]
    },
    {
      "mode": "managed",
      "type": "google_compute_network",
      "name": "vpc_network4",
      "provider": "provider[\"registry.terraform.io/hashicorp/google\"]",
      "instances": [
        {
          "schema_version": 0,
          "attributes": {
            "auto_create_subnetworks": false,
            "delete_default_routes_on_create": false,
            "description": "",
            "enable_ula_internal_ipv6": false,
            "gateway_ipv4": "",
            "id": "projects/emoran-01-dev/global/networks/public-2-vpc-emu",
            "internal_ipv6_range": "",
            "mtu": 0,
            "name": "public-2-vpc-emu",
            "network_firewall_policy_enforcement_order": "AFTER_CLASSIC_FIREWALL",
            "project": "emoran-01-dev",
            "routing_mode": "REGIONAL",
            "self_link": "https://www.googleapis.com/compute/v1/projects/emoran-01-dev/global/networks/public-2-vpc-emu",
            "timeouts": null
          },
          "sensitive_attributes": [],
          "private": "eyJlMmJmYjczMC1lY2FhLTExZTYtOGY4OC0zNDM2M2JjN2M0YzAiOnsiY3JlYXRlIjoxMjAwMDAwMDAwMDAwLCJkZWxldGUiOjEyMDAwMDAwMDAwMDAsInVwZGF0ZSI6MTIwMDAwMDAwMDAwMH19",
          "dependencies": [
            "random_string.random_name_post"
          ]
        }
      ]
    },
    {
      "mode": "managed",
      "type": "google_compute_route",
      "name": "internal",
      "provider": "provider[\"registry.terraform.io/hashicorp/google\"]",
      "instances": [
        {
          "schema_version": 0,
          "attributes": {
            "description": "",
            "dest_range": "0.0.0.0/0",
            "id": "projects/emoran-01-dev/global/routes/internal-route-emu",
            "name": "internal-route-emu",
            "network": "https://www.googleapis.com/compute/v1/projects/emoran-01-dev/global/networks/private-vpc-emu",
            "next_hop_gateway": "",
            "next_hop_ilb": "",
            "next_hop_instance": "",
            "next_hop_instance_zone": null,
            "next_hop_ip": "172.16.1.2",
            "next_hop_network": "",
            "next_hop_vpn_tunnel": "",
            "priority": 100,
            "project": "emoran-01-dev",
            "self_link": "https://www.googleapis.com/compute/v1/projects/emoran-01-dev/global/routes/internal-route-emu",
            "tags": null,
            "timeouts": null
          },
          "sensitive_attributes": [],
          "private": "eyJlMmJmYjczMC1lY2FhLTExZTYtOGY4OC0zNDM2M2JjN2M0YzAiOnsiY3JlYXRlIjoxMjAwMDAwMDAwMDAwLCJkZWxldGUiOjEyMDAwMDAwMDAwMDB9fQ==",
          "dependencies": [
            "google_compute_network.vpc_network2",
            "google_compute_subnetwork.private_subnet",
            "random_string.random_name_post"
          ]
        }
      ]
    },
    {
      "mode": "managed",
      "type": "google_compute_subnetwork",
      "name": "ha_subnet",
      "provider": "provider[\"registry.terraform.io/hashicorp/google\"]",
      "instances": [
        {
          "schema_version": 0,
          "attributes": {
            "creation_timestamp": "2023-07-05T07:55:02.487-07:00",
            "description": "",
            "external_ipv6_prefix": "",
            "fingerprint": null,
            "gateway_address": "172.16.2.1",
            "id": "projects/emoran-01-dev/regions/us-central1/subnetworks/syncmgmt-subnet-emu",
            "ip_cidr_range": "172.16.2.0/24",
            "ipv6_access_type": "",
            "ipv6_cidr_range": "",
            "log_config": [],
            "name": "syncmgmt-subnet-emu",
            "network": "https://www.googleapis.com/compute/v1/projects/emoran-01-dev/global/networks/syncmgmt-vpc-emu",
            "private_ip_google_access": false,
            "private_ipv6_google_access": "DISABLE_GOOGLE_ACCESS",
            "project": "emoran-01-dev",
            "purpose": "PRIVATE",
            "region": "us-central1",
            "role": "",
            "secondary_ip_range": [],
            "self_link": "https://www.googleapis.com/compute/v1/projects/emoran-01-dev/regions/us-central1/subnetworks/syncmgmt-subnet-emu",
            "stack_type": "IPV4_ONLY",
            "timeouts": null
          },
          "sensitive_attributes": [],
          "private": "eyJlMmJmYjczMC1lY2FhLTExZTYtOGY4OC0zNDM2M2JjN2M0YzAiOnsiY3JlYXRlIjoxMjAwMDAwMDAwMDAwLCJkZWxldGUiOjEyMDAwMDAwMDAwMDAsInVwZGF0ZSI6MTIwMDAwMDAwMDAwMH19",
          "dependencies": [
            "google_compute_network.vpc_network3",
            "random_string.random_name_post"
          ]
        }
      ]
    },
    {
      "mode": "managed",
      "type": "google_compute_subnetwork",
      "name": "private_subnet",
      "provider": "provider[\"registry.terraform.io/hashicorp/google\"]",
      "instances": [
        {
          "schema_version": 0,
          "attributes": {
            "creation_timestamp": "2023-07-05T07:54:52.117-07:00",
            "description": "",
            "external_ipv6_prefix": "",
            "fingerprint": null,
            "gateway_address": "172.16.1.1",
            "id": "projects/emoran-01-dev/regions/us-central1/subnetworks/private-subnet-emu",
            "ip_cidr_range": "172.16.1.0/24",
            "ipv6_access_type": "",
            "ipv6_cidr_range": "",
            "log_config": [],
            "name": "private-subnet-emu",
            "network": "https://www.googleapis.com/compute/v1/projects/emoran-01-dev/global/networks/private-vpc-emu",
            "private_ip_google_access": false,
            "private_ipv6_google_access": "DISABLE_GOOGLE_ACCESS",
            "project": "emoran-01-dev",
            "purpose": "PRIVATE",
            "region": "us-central1",
            "role": "",
            "secondary_ip_range": [],
            "self_link": "https://www.googleapis.com/compute/v1/projects/emoran-01-dev/regions/us-central1/subnetworks/private-subnet-emu",
            "stack_type": "IPV4_ONLY",
            "timeouts": null
          },
          "sensitive_attributes": [],
          "private": "eyJlMmJmYjczMC1lY2FhLTExZTYtOGY4OC0zNDM2M2JjN2M0YzAiOnsiY3JlYXRlIjoxMjAwMDAwMDAwMDAwLCJkZWxldGUiOjEyMDAwMDAwMDAwMDAsInVwZGF0ZSI6MTIwMDAwMDAwMDAwMH19",
          "dependencies": [
            "google_compute_network.vpc_network2",
            "random_string.random_name_post"
          ]
        }
      ]
    },
    {
      "mode": "managed",
      "type": "google_compute_subnetwork",
      "name": "public2_subnet",
      "provider": "provider[\"registry.terraform.io/hashicorp/google\"]",
      "instances": [
        {
          "schema_version": 0,
          "attributes": {
            "creation_timestamp": "2023-07-05T07:55:02.498-07:00",
            "description": "",
            "external_ipv6_prefix": "",
            "fingerprint": null,
            "gateway_address": "172.16.3.1",
            "id": "projects/emoran-01-dev/regions/us-central1/subnetworks/public-subnet-2-emu",
            "ip_cidr_range": "172.16.3.0/24",
            "ipv6_access_type": "",
            "ipv6_cidr_range": "",
            "log_config": [],
            "name": "public-subnet-2-emu",
            "network": "https://www.googleapis.com/compute/v1/projects/emoran-01-dev/global/networks/public-2-vpc-emu",
            "private_ip_google_access": true,
            "private_ipv6_google_access": "DISABLE_GOOGLE_ACCESS",
            "project": "emoran-01-dev",
            "purpose": "PRIVATE",
            "region": "us-central1",
            "role": "",
            "secondary_ip_range": [],
            "self_link": "https://www.googleapis.com/compute/v1/projects/emoran-01-dev/regions/us-central1/subnetworks/public-subnet-2-emu",
            "stack_type": "IPV4_ONLY",
            "timeouts": null
          },
          "sensitive_attributes": [],
          "private": "eyJlMmJmYjczMC1lY2FhLTExZTYtOGY4OC0zNDM2M2JjN2M0YzAiOnsiY3JlYXRlIjoxMjAwMDAwMDAwMDAwLCJkZWxldGUiOjEyMDAwMDAwMDAwMDAsInVwZGF0ZSI6MTIwMDAwMDAwMDAwMH19",
          "dependencies": [
            "google_compute_network.vpc_network4",
            "random_string.random_name_post"
          ]
        }
      ]
    },
    {
      "mode": "managed",
      "type": "google_compute_subnetwork",
      "name": "public_subnet",
      "provider": "provider[\"registry.terraform.io/hashicorp/google\"]",
      "instances": [
        {
          "schema_version": 0,
          "attributes": {
            "creation_timestamp": "2023-07-05T07:55:03.394-07:00",
            "description": "",
            "external_ipv6_prefix": "",
            "fingerprint": null,
            "gateway_address": "172.16.0.1",
            "id": "projects/emoran-01-dev/regions/us-central1/subnetworks/public-subnet-1-emu",
            "ip_cidr_range": "172.16.0.0/24",
            "ipv6_access_type": "",
            "ipv6_cidr_range": "",
            "log_config": [],
            "name": "public-subnet-1-emu",
            "network": "https://www.googleapis.com/compute/v1/projects/emoran-01-dev/global/networks/public-1-vpc-emu",
            "private_ip_google_access": true,
            "private_ipv6_google_access": "DISABLE_GOOGLE_ACCESS",
            "project": "emoran-01-dev",
            "purpose": "PRIVATE",
            "region": "us-central1",
            "role": "",
            "secondary_ip_range": [],
            "self_link": "https://www.googleapis.com/compute/v1/projects/emoran-01-dev/regions/us-central1/subnetworks/public-subnet-1-emu",
            "stack_type": "IPV4_ONLY",
            "timeouts": null
          },
          "sensitive_attributes": [],
          "private": "eyJlMmJmYjczMC1lY2FhLTExZTYtOGY4OC0zNDM2M2JjN2M0YzAiOnsiY3JlYXRlIjoxMjAwMDAwMDAwMDAwLCJkZWxldGUiOjEyMDAwMDAwMDAwMDAsInVwZGF0ZSI6MTIwMDAwMDAwMDAwMH19",
          "dependencies": [
            "google_compute_network.vpc_network",
            "random_string.random_name_post"
          ]
        }
      ]
    },
    {
      "mode": "managed",
      "type": "google_compute_target_instance",
      "name": "fgt-target",
      "provider": "provider[\"registry.terraform.io/hashicorp/google\"]",
      "instances": [
        {
          "schema_version": 0,
          "attributes": {
            "creation_timestamp": "2023-07-05T07:55:45.458-07:00",
            "description": "",
            "id": "projects/emoran-01-dev/zones/us-central1-c/targetInstances/fgt-target-emu",
            "instance": "https://www.googleapis.com/compute/v1/projects/emoran-01-dev/zones/us-central1-c/instances/fotigate-01-emu",
            "name": "fgt-target-emu",
            "nat_policy": "NO_NAT",
            "project": "emoran-01-dev",
            "self_link": "https://www.googleapis.com/compute/v1/projects/emoran-01-dev/zones/us-central1-c/targetInstances/fgt-target-emu",
            "timeouts": null,
            "zone": "https://www.googleapis.com/compute/v1/projects/emoran-01-dev/zones/us-central1-c"
          },
          "sensitive_attributes": [],
          "private": "eyJlMmJmYjczMC1lY2FhLTExZTYtOGY4OC0zNDM2M2JjN2M0YzAiOnsiY3JlYXRlIjoxMjAwMDAwMDAwMDAwLCJkZWxldGUiOjEyMDAwMDAwMDAwMDB9fQ==",
          "dependencies": [
            "google_compute_address.static",
            "google_compute_address.static2",
            "google_compute_address.static8",
            "google_compute_disk.logdisk",
            "google_compute_image.fgtvmgvnic",
            "google_compute_instance.default",
            "google_compute_network.vpc_network",
            "google_compute_network.vpc_network2",
            "google_compute_network.vpc_network3",
            "google_compute_network.vpc_network4",
            "google_compute_subnetwork.ha_subnet",
            "google_compute_subnetwork.private_subnet",
            "google_compute_subnetwork.public2_subnet",
            "google_compute_subnetwork.public_subnet",
            "random_string.random_name_post"
          ]
        }
      ]
    },
    {
      "mode": "managed",
      "type": "google_compute_target_instance",
      "name": "fgt-target2",
      "provider": "provider[\"registry.terraform.io/hashicorp/google\"]",
      "instances": [
        {
          "schema_version": 0,
          "attributes": {
            "creation_timestamp": "2023-07-05T07:55:56.560-07:00",
            "description": "",
            "id": "projects/emoran-01-dev/zones/us-central1-a/targetInstances/fgt-target2-emu",
            "instance": "https://www.googleapis.com/compute/v1/projects/emoran-01-dev/zones/us-central1-a/instances/fotigate-02-emu",
            "name": "fgt-target2-emu",
            "nat_policy": "NO_NAT",
            "project": "emoran-01-dev",
            "self_link": "https://www.googleapis.com/compute/v1/projects/emoran-01-dev/zones/us-central1-a/targetInstances/fgt-target2-emu",
            "timeouts": null,
            "zone": "https://www.googleapis.com/compute/v1/projects/emoran-01-dev/zones/us-central1-a"
          },
          "sensitive_attributes": [],
          "private": "eyJlMmJmYjczMC1lY2FhLTExZTYtOGY4OC0zNDM2M2JjN2M0YzAiOnsiY3JlYXRlIjoxMjAwMDAwMDAwMDAwLCJkZWxldGUiOjEyMDAwMDAwMDAwMDB9fQ==",
          "dependencies": [
            "google_compute_address.static3",
            "google_compute_disk.logdisk2",
            "google_compute_image.fgtvmgvnic",
            "google_compute_instance.default2",
            "google_compute_network.vpc_network",
            "google_compute_network.vpc_network2",
            "google_compute_network.vpc_network3",
            "google_compute_network.vpc_network4",
            "google_compute_subnetwork.ha_subnet",
            "google_compute_subnetwork.private_subnet",
            "google_compute_subnetwork.public2_subnet",
            "google_compute_subnetwork.public_subnet",
            "random_string.random_name_post"
          ]
        }
      ]
    },
    {
      "mode": "managed",
      "type": "random_string",
      "name": "random_name_post",
      "provider": "provider[\"registry.terraform.io/hashicorp/random\"]",
      "instances": [
        {
          "schema_version": 2,
          "attributes": {
            "id": "emu",
            "keepers": null,
            "length": 3,
            "lower": true,
            "min_lower": 3,
            "min_numeric": 0,
            "min_special": 0,
            "min_upper": 0,
            "number": true,
            "numeric": true,
            "override_special": "",
            "result": "emu",
            "special": true,
            "upper": true
          },
          "sensitive_attributes": []
        }
      ]
    }
  ],
  "check_results": null
}
